
Microsoft Visual Studio Solution File, Format Version 12.00
# Visual Studio Version 17
VisualStudioVersion = 17.2.32630.192
MinimumVisualStudioVersion = 10.0.40219.1
Project("{FAE04EC0-301F-11D3-BF4B-00C04F79EFBC}") = "Bookstore_API_JFF", "Bookstore_API_JFF\Bookstore_API_JFF.csproj", "{FD546B95-DE03-4A4C-882F-44123CF93B62}"
EndProject
Project("{FAE04EC0-301F-11D3-BF4B-00C04F79EFBC}") = "Repository", "Repository\Repository.csproj", "{1DF6314E-9778-4F5B-96E0-5DA32EBE800E}"
EndProject
Project("{FAE04EC0-301F-11D3-BF4B-00C04F79EFBC}") = "Service", "Service\Service.csproj", "{3B3E0798-0DCE-4576-97AF-A9EC136384BE}"
EndProject
Project("{FAE04EC0-301F-11D3-BF4B-00C04F79EFBC}") = "Entity", "Entity\Entity.csproj", "{C97E93C9-B46B-44F1-B9BA-2A771550FCB0}"
EndProject
Global
	GlobalSection(SolutionConfigurationPlatforms) = preSolution
		Debug|Any CPU = Debug|Any CPU
		Release|Any CPU = Release|Any CPU
	EndGlobalSection
	GlobalSection(ProjectConfigurationPlatforms) = postSolution
		{FD546B95-DE03-4A4C-882F-44123CF93B62}.Debug|Any CPU.ActiveCfg = Debug|Any CPU
		{FD546B95-DE03-4A4C-882F-44123CF93B62}.Debug|Any CPU.Build.0 = Debug|Any CPU
		{FD546B95-DE03-4A4C-882F-44123CF93B62}.Release|Any CPU.ActiveCfg = Release|Any CPU
		{FD546B95-DE03-4A4C-882F-44123CF93B62}.Release|Any CPU.Build.0 = Release|Any CPU
		{1DF6314E-9778-4F5B-96E0-5DA32EBE800E}.Debug|Any CPU.ActiveCfg = Debug|Any CPU
		{1DF6314E-9778-4F5B-96E0-5DA32EBE800E}.Debug|Any CPU.Build.0 = Debug|Any CPU
		{1DF6314E-9778-4F5B-96E0-5DA32EBE800E}.Release|Any CPU.ActiveCfg = Release|Any CPU
		{1DF6314E-9778-4F5B-96E0-5DA32EBE800E}.Release|Any CPU.Build.0 = Release|Any CPU
		{3B3E0798-0DCE-4576-97AF-A9EC136384BE}.Debug|Any CPU.ActiveCfg = Debug|Any CPU
		{3B3E0798-0DCE-4576-97AF-A9EC136384BE}.Debug|Any CPU.Build.0 = Debug|Any CPU
		{3B3E0798-0DCE-4576-97AF-A9EC136384BE}.Release|Any CPU.ActiveCfg = Release|Any CPU
		{3B3E0798-0DCE-4576-97AF-A9EC136384BE}.Release|Any CPU.Build.0 = Release|Any CPU
		{C97E93C9-B46B-44F1-B9BA-2A771550FCB0}.Debug|Any CPU.ActiveCfg = Debug|Any CPU
		{C97E93C9-B46B-44F1-B9BA-2A771550FCB0}.Debug|Any CPU.Build.0 = Debug|Any CPU
		{C97E93C9-B46B-44F1-B9BA-2A771550FCB0}.Release|Any CPU.ActiveCfg = Release|Any CPU
		{C97E93C9-B46B-44F1-B9BA-2A771550FCB0}.Release|Any CPU.Build.0 = Release|Any CPU
	EndGlobalSection
	GlobalSection(SolutionProperties) = preSolution
		HideSolutionNode = FALSE
	EndGlobalSection
	GlobalSection(ExtensibilityGlobals) = postSolution
		SolutionGuid = {167381F6-9DAA-45E0-B766-77AFE1CF0A66}
	EndGlobalSection
EndGlobal
